{
  "name": "apl",
  "version": "1.0.0",
  "lockfileVersion": 2,
  "requires": true,
  "packages": {
    "": {
      "name": "apl",
      "version": "1.0.0",
      "license": "ISC",
      "dependencies": {
        "playwright-chromium": "^1.23.4"
      },
      "devDependencies": {
        "typescript": "^4.7.4"
      }
    },
    "node_modules/playwright-chromium": {
      "version": "1.23.4",
      "resolved": "https://registry.npmjs.org/playwright-chromium/-/playwright-chromium-1.23.4.tgz",
      "integrity": "sha512-aqiOpX76107knxZqydyd0snNHiU6wgGwmQUFA8MEbG6sVjvjF8fS8Uy6n39z9U52pSpRFGPBP8dfkTkXBokkqQ==",
      "hasInstallScript": true,
      "dependencies": {
        "playwright-core": "1.23.4"
      },
      "bin": {
        "playwright": "cli.js"
      },
      "engines": {
        "node": ">=14"
      }
    },
    "node_modules/playwright-core": {
      "version": "1.23.4",
      "resolved": "https://registry.npmjs.org/playwright-core/-/playwright-core-1.23.4.tgz",
      "integrity": "sha512-h5V2yw7d8xIwotjyNrkLF13nV9RiiZLHdXeHo+nVJIYGVlZ8U2qV0pMxNJKNTvfQVT0N8/A4CW6/4EW2cOcTiA==",
      "bin": {
        "playwright": "cli.js"
      },
      "engines": {
        "node": ">=14"
      }
    },
    "node_modules/typescript": {
      "version": "4.7.4",
      "resolved": "https://registry.npmjs.org/typescript/-/typescript-4.7.4.tgz",
      "integrity": "sha512-C0WQT0gezHuw6AdY1M2jxUO83Rjf0HP7Sk1DtXj6j1EwkQNZrHAg2XPWlq62oqEhYvONq5pkC2Y9oPljWToLmQ==",
      "dev": true,
      "bin": {
        "tsc": "bin/tsc",
        "tsserver": "bin/tsserver"
      },
      "engines": {
        "node": ">=4.2.0"
      }
    }
  },
  "dependencies": {
    "playwright-chromium": {
      "version": "1.23.4",
      "resolved": "https://registry.npmjs.org/playwright-chromium/-/playwright-chromium-1.23.4.tgz",
      "integrity": "sha512-aqiOpX76107knxZqydyd0snNHiU6wgGwmQUFA8MEbG6sVjvjF8fS8Uy6n39z9U52pSpRFGPBP8dfkTkXBokkqQ==",
      "requires": {
        "playwright-core": "1.23.4"
      }
    },
    "playwright-core": {
      "version": "1.23.4",
      "resolved": "https://registry.npmjs.org/playwright-core/-/playwright-core-1.23.4.tgz",
      "integrity": "sha512-h5V2yw7d8xIwotjyNrkLF13nV9RiiZLHdXeHo+nVJIYGVlZ8U2qV0pMxNJKNTvfQVT0N8/A4CW6/4EW2cOcTiA=="
    },
    "typescript": {
      "version": "4.7.4",
      "resolved": "https://registry.npmjs.org/typescript/-/typescript-4.7.4.tgz",
      "integrity": "sha512-C0WQT0gezHuw6AdY1M2jxUO83Rjf0HP7Sk1DtXj6j1EwkQNZrHAg2XPWlq62oqEhYvONq5pkC2Y9oPljWToLmQ==",
      "dev": true
    }
  }
}
